
Microsoft Visual Studio Solution File, Format Version 12.00
# Visual Studio Version 17
VisualStudioVersion = 17.6.33723.286
MinimumVisualStudioVersion = 10.0.40219.1
Project("{FAE04EC0-301F-11D3-BF4B-00C04F79EFBC}") = "KTBookStore.Android", "KTBookStore\KTBookStore.Android\KTBookStore.Android.csproj", "{DC3B5A11-DDB2-403F-B84B-CF4B55E252BC}"
EndProject
Project("{FAE04EC0-301F-11D3-BF4B-00C04F79EFBC}") = "KTBookStore.iOS", "KTBookStore\KTBookStore.iOS\KTBookStore.iOS.csproj", "{0A7157E8-1975-4254-827A-987439A533F1}"
EndProject
Project("{FAE04EC0-301F-11D3-BF4B-00C04F79EFBC}") = "KTBookStore", "KTBookStore\KTBookStore\KTBookStore.csproj", "{79B8C5E0-A5AE-4064-AF94-8BD14EB8D14E}"
EndProject
Global
	GlobalSection(SolutionConfigurationPlatforms) = preSolution
		Debug|Any CPU = Debug|Any CPU
		Debug|iPhone = Debug|iPhone
		Debug|iPhoneSimulator = Debug|iPhoneSimulator
		Release|Any CPU = Release|Any CPU
		Release|iPhone = Release|iPhone
		Release|iPhoneSimulator = Release|iPhoneSimulator
	EndGlobalSection
	GlobalSection(ProjectConfigurationPlatforms) = postSolution
		{DC3B5A11-DDB2-403F-B84B-CF4B55E252BC}.Debug|Any CPU.ActiveCfg = Debug|Any CPU
		{DC3B5A11-DDB2-403F-B84B-CF4B55E252BC}.Debug|Any CPU.Build.0 = Debug|Any CPU
		{DC3B5A11-DDB2-403F-B84B-CF4B55E252BC}.Debug|Any CPU.Deploy.0 = Debug|Any CPU
		{DC3B5A11-DDB2-403F-B84B-CF4B55E252BC}.Debug|iPhone.ActiveCfg = Debug|Any CPU
		{DC3B5A11-DDB2-403F-B84B-CF4B55E252BC}.Debug|iPhone.Build.0 = Debug|Any CPU
		{DC3B5A11-DDB2-403F-B84B-CF4B55E252BC}.Debug|iPhone.Deploy.0 = Debug|Any CPU
		{DC3B5A11-DDB2-403F-B84B-CF4B55E252BC}.Debug|iPhoneSimulator.ActiveCfg = Debug|Any CPU
		{DC3B5A11-DDB2-403F-B84B-CF4B55E252BC}.Debug|iPhoneSimulator.Build.0 = Debug|Any CPU
		{DC3B5A11-DDB2-403F-B84B-CF4B55E252BC}.Debug|iPhoneSimulator.Deploy.0 = Debug|Any CPU
		{DC3B5A11-DDB2-403F-B84B-CF4B55E252BC}.Release|Any CPU.ActiveCfg = Release|Any CPU
		{DC3B5A11-DDB2-403F-B84B-CF4B55E252BC}.Release|Any CPU.Build.0 = Release|Any CPU
		{DC3B5A11-DDB2-403F-B84B-CF4B55E252BC}.Release|Any CPU.Deploy.0 = Release|Any CPU
		{DC3B5A11-DDB2-403F-B84B-CF4B55E252BC}.Release|iPhone.ActiveCfg = Release|Any CPU
		{DC3B5A11-DDB2-403F-B84B-CF4B55E252BC}.Release|iPhone.Build.0 = Release|Any CPU
		{DC3B5A11-DDB2-403F-B84B-CF4B55E252BC}.Release|iPhone.Deploy.0 = Release|Any CPU
		{DC3B5A11-DDB2-403F-B84B-CF4B55E252BC}.Release|iPhoneSimulator.ActiveCfg = Release|Any CPU
		{DC3B5A11-DDB2-403F-B84B-CF4B55E252BC}.Release|iPhoneSimulator.Build.0 = Release|Any CPU
		{DC3B5A11-DDB2-403F-B84B-CF4B55E252BC}.Release|iPhoneSimulator.Deploy.0 = Release|Any CPU
		{0A7157E8-1975-4254-827A-987439A533F1}.Debug|Any CPU.ActiveCfg = Debug|iPhone
		{0A7157E8-1975-4254-827A-987439A533F1}.Debug|Any CPU.Build.0 = Debug|iPhone
		{0A7157E8-1975-4254-827A-987439A533F1}.Debug|Any CPU.Deploy.0 = Debug|iPhone
		{0A7157E8-1975-4254-827A-987439A533F1}.Debug|iPhone.ActiveCfg = Debug|iPhone
		{0A7157E8-1975-4254-827A-987439A533F1}.Debug|iPhone.Build.0 = Debug|iPhone
		{0A7157E8-1975-4254-827A-987439A533F1}.Debug|iPhone.Deploy.0 = Debug|iPhone
		{0A7157E8-1975-4254-827A-987439A533F1}.Debug|iPhoneSimulator.ActiveCfg = Debug|iPhoneSimulator
		{0A7157E8-1975-4254-827A-987439A533F1}.Debug|iPhoneSimulator.Build.0 = Debug|iPhoneSimulator
		{0A7157E8-1975-4254-827A-987439A533F1}.Debug|iPhoneSimulator.Deploy.0 = Debug|iPhoneSimulator
		{0A7157E8-1975-4254-827A-987439A533F1}.Release|Any CPU.ActiveCfg = Release|iPhoneSimulator
		{0A7157E8-1975-4254-827A-987439A533F1}.Release|Any CPU.Build.0 = Release|iPhoneSimulator
		{0A7157E8-1975-4254-827A-987439A533F1}.Release|Any CPU.Deploy.0 = Release|iPhoneSimulator
		{0A7157E8-1975-4254-827A-987439A533F1}.Release|iPhone.ActiveCfg = Release|iPhone
		{0A7157E8-1975-4254-827A-987439A533F1}.Release|iPhone.Build.0 = Release|iPhone
		{0A7157E8-1975-4254-827A-987439A533F1}.Release|iPhone.Deploy.0 = Release|iPhone
		{0A7157E8-1975-4254-827A-987439A533F1}.Release|iPhoneSimulator.ActiveCfg = Release|iPhoneSimulator
		{0A7157E8-1975-4254-827A-987439A533F1}.Release|iPhoneSimulator.Build.0 = Release|iPhoneSimulator
		{0A7157E8-1975-4254-827A-987439A533F1}.Release|iPhoneSimulator.Deploy.0 = Release|iPhoneSimulator
		{79B8C5E0-A5AE-4064-AF94-8BD14EB8D14E}.Debug|Any CPU.ActiveCfg = Debug|Any CPU
		{79B8C5E0-A5AE-4064-AF94-8BD14EB8D14E}.Debug|Any CPU.Build.0 = Debug|Any CPU
		{79B8C5E0-A5AE-4064-AF94-8BD14EB8D14E}.Debug|Any CPU.Deploy.0 = Debug|Any CPU
		{79B8C5E0-A5AE-4064-AF94-8BD14EB8D14E}.Debug|iPhone.ActiveCfg = Debug|Any CPU
		{79B8C5E0-A5AE-4064-AF94-8BD14EB8D14E}.Debug|iPhone.Build.0 = Debug|Any CPU
		{79B8C5E0-A5AE-4064-AF94-8BD14EB8D14E}.Debug|iPhone.Deploy.0 = Debug|Any CPU
		{79B8C5E0-A5AE-4064-AF94-8BD14EB8D14E}.Debug|iPhoneSimulator.ActiveCfg = Debug|Any CPU
		{79B8C5E0-A5AE-4064-AF94-8BD14EB8D14E}.Debug|iPhoneSimulator.Build.0 = Debug|Any CPU
		{79B8C5E0-A5AE-4064-AF94-8BD14EB8D14E}.Debug|iPhoneSimulator.Deploy.0 = Debug|Any CPU
		{79B8C5E0-A5AE-4064-AF94-8BD14EB8D14E}.Release|Any CPU.ActiveCfg = Release|Any CPU
		{79B8C5E0-A5AE-4064-AF94-8BD14EB8D14E}.Release|Any CPU.Build.0 = Release|Any CPU
		{79B8C5E0-A5AE-4064-AF94-8BD14EB8D14E}.Release|Any CPU.Deploy.0 = Release|Any CPU
		{79B8C5E0-A5AE-4064-AF94-8BD14EB8D14E}.Release|iPhone.ActiveCfg = Release|Any CPU
		{79B8C5E0-A5AE-4064-AF94-8BD14EB8D14E}.Release|iPhone.Build.0 = Release|Any CPU
		{79B8C5E0-A5AE-4064-AF94-8BD14EB8D14E}.Release|iPhone.Deploy.0 = Release|Any CPU
		{79B8C5E0-A5AE-4064-AF94-8BD14EB8D14E}.Release|iPhoneSimulator.ActiveCfg = Release|Any CPU
		{79B8C5E0-A5AE-4064-AF94-8BD14EB8D14E}.Release|iPhoneSimulator.Build.0 = Release|Any CPU
		{79B8C5E0-A5AE-4064-AF94-8BD14EB8D14E}.Release|iPhoneSimulator.Deploy.0 = Release|Any CPU
	EndGlobalSection
	GlobalSection(SolutionProperties) = preSolution
		HideSolutionNode = FALSE
	EndGlobalSection
	GlobalSection(ExtensibilityGlobals) = postSolution
		SolutionGuid = {F4AA1C97-F3E9-4A06-99EC-15901923A213}
	EndGlobalSection
EndGlobal
